
Microsoft Visual Studio Solution File, Format Version 12.00
# Visual Studio 2012
Project("{FAE04EC0-301F-11D3-BF4B-00C04F79EFBC}") = "Nums1to20-stupid", "Nums1to20-stupid.csproj", "{293C7DB8-78B7-4370-B6BD-F0EDB282D65A}"
EndProject
Global
	GlobalSection(SolutionConfigurationPlatforms) = preSolution
		Debug|Any CPU = Debug|Any CPU
		Release|Any CPU = Release|Any CPU
	EndGlobalSection
	GlobalSection(ProjectConfigurationPlatforms) = postSolution
		{293C7DB8-78B7-4370-B6BD-F0EDB282D65A}.Debug|Any CPU.ActiveCfg = Debug|Any CPU
		{293C7DB8-78B7-4370-B6BD-F0EDB282D65A}.Debug|Any CPU.Build.0 = Debug|Any CPU
		{293C7DB8-78B7-4370-B6BD-F0EDB282D65A}.Release|Any CPU.ActiveCfg = Release|Any CPU
		{293C7DB8-78B7-4370-B6BD-F0EDB282D65A}.Release|Any CPU.Build.0 = Release|Any CPU
	EndGlobalSection
	GlobalSection(SolutionProperties) = preSolution
		HideSolutionNode = FALSE
	EndGlobalSection
EndGlobal
